
Microsoft Visual Studio Solution File, Format Version 12.00
# Visual Studio Version 17
VisualStudioVersion = 17.9.34701.34
MinimumVisualStudioVersion = 10.0.40219.1
Project("{FAE04EC0-301F-11D3-BF4B-00C04F79EFBC}") = "Mvp1.Project", "Mvp1.Project\Mvp1.Project.csproj", "{767DDB1E-EF8A-42BC-80A0-79ABFB0FB70B}"
EndProject
Global
	GlobalSection(SolutionConfigurationPlatforms) = preSolution
		Debug|Any CPU = Debug|Any CPU
		Release|Any CPU = Release|Any CPU
	EndGlobalSection
	GlobalSection(ProjectConfigurationPlatforms) = postSolution
		{767DDB1E-EF8A-42BC-80A0-79ABFB0FB70B}.Debug|Any CPU.ActiveCfg = Debug|Any CPU
		{767DDB1E-EF8A-42BC-80A0-79ABFB0FB70B}.Debug|Any CPU.Build.0 = Debug|Any CPU
		{767DDB1E-EF8A-42BC-80A0-79ABFB0FB70B}.Release|Any CPU.ActiveCfg = Release|Any CPU
		{767DDB1E-EF8A-42BC-80A0-79ABFB0FB70B}.Release|Any CPU.Build.0 = Release|Any CPU
	EndGlobalSection
	GlobalSection(SolutionProperties) = preSolution
		HideSolutionNode = FALSE
	EndGlobalSection
	GlobalSection(ExtensibilityGlobals) = postSolution
		SolutionGuid = {56EBBE8D-0CD3-41A9-B796-C0279EBE4AAB}
	EndGlobalSection
EndGlobal
